{
  "name": "webdev-services",
  "lockfileVersion": 3,
  "requires": true,
  "packages": {
    "": {
      "dependencies": {
        "normalize.css": "^8.0.1",
        "swiper": "^11.1.9"
      }
    },
    "node_modules/normalize.css": {
      "version": "8.0.1",
      "resolved": "https://registry.npmjs.org/normalize.css/-/normalize.css-8.0.1.tgz",
      "integrity": "sha512-qizSNPO93t1YUuUhP22btGOo3chcvDFqFaj2TRybP0DMxkHOCTYwp3n34fel4a31ORXy4m1Xq0Gyqpb5m33qIg==",
      "license": "MIT"
    },
    "node_modules/swiper": {
      "version": "11.1.9",
      "resolved": "https://registry.npmjs.org/swiper/-/swiper-11.1.9.tgz",
      "integrity": "sha512-rflu8zvfGa3x1v/aeSufk4zRJffhOQowyvtJlp46sUBnOqAuk1Rdv5Ldj0AWWBV595iZ+ZMk7VB35ZRtRUomtA==",
      "funding": [
        {
          "type": "patreon",
          "url": "https://www.patreon.com/swiperjs"
        },
        {
          "type": "open_collective",
          "url": "http://opencollective.com/swiper"
        }
      ],
      "license": "MIT",
      "engines": {
        "node": ">= 4.7.0"
      }
    }
  }
}
